# This file is automatically @generated by Cargo.
# It is not intended for manual editing.
[[package]]
name = "cc"
version = "1.0.67"
source = "git+https://github.com/alexcrichton/cc-rs?rev=3283434ee41f2a1be6c78fe6d6a3ec8eb92b1833#3283434ee41f2a1be6c78fe6d6a3ec8eb92b1833"

[[package]]
name = "int32_sort2"
version = "0.1.0"
dependencies = [
 "cc",
]
